# This file is generated by running "yarn install" inside your project.
# Manual changes might be lost - proceed with caution!

__metadata:
  version: 6
  cacheKey: 8

"@rollout/framework@npm:2.0.4":
  version: 2.0.4
  resolution: "@rollout/framework@npm:2.0.4"
  dependencies:
    react: ">=16.8.0"
    react-dom: ">=16.8.0"
  peerDependencies:
    zod: ">=3.20.0"
  checksum: 950e98598a7ba80e38e3d33ad6bbf1edbb133d85182c8f9416409d0f3e754dae0a8ddd5d3d051cab31ef1794d0638d4087e2681b0811d8566a02e13dd2582cb5
  languageName: node
  linkType: hard

"@types/node@npm:^20.8.4":
  version: 20.8.4
  resolution: "@types/node@npm:20.8.4"
  dependencies:
    undici-types: ~5.25.1
  checksum: 2106b9ef9750297cac68249428d7067c4d22c26908854165b70a164e34e900f4c34bb9bf3887c9391206b500d3e87171d03b1846e25788925236a0354390d278
  languageName: node
  linkType: hard

"@types/prop-types@npm:*":
  version: 15.7.5
  resolution: "@types/prop-types@npm:15.7.5"
  checksum: 5b43b8b15415e1f298243165f1d44390403bb2bd42e662bca3b5b5633fdd39c938e91b7fce3a9483699db0f7a715d08cef220c121f723a634972fdf596aec980
  languageName: node
  linkType: hard

"@types/react-dom@npm:^18.0.11":
  version: 18.0.11
  resolution: "@types/react-dom@npm:18.0.11"
  dependencies:
    "@types/react": "*"
  checksum: 579691e4d5ec09688087568037c35edf8cfb1ab3e07f6c60029280733ee7b5c06d66df6fcc90786702c93ac8cb13bc7ff16c79ddfc75d082938fbaa36e1cdbf4
  languageName: node
  linkType: hard

"@types/react@npm:*, @types/react@npm:^18.0.28":
  version: 18.0.28
  resolution: "@types/react@npm:18.0.28"
  dependencies:
    "@types/prop-types": "*"
    "@types/scheduler": "*"
    csstype: ^3.0.2
  checksum: e752df961105e5127652460504785897ca6e77259e0da8f233f694f9e8f451cde7fa0709d4456ade0ff600c8ce909cfe29f9b08b9c247fa9b734e126ec53edd7
  languageName: node
  linkType: hard

"@types/scheduler@npm:*":
  version: 0.16.2
  resolution: "@types/scheduler@npm:0.16.2"
  checksum: b6b4dcfeae6deba2e06a70941860fb1435730576d3689225a421280b7742318d1548b3d22c1f66ab68e414f346a9542f29240bc955b6332c5b11e561077583bc
  languageName: node
  linkType: hard

"csstype@npm:^3.0.2":
  version: 3.1.1
  resolution: "csstype@npm:3.1.1"
  checksum: 1f7b4f5fdd955b7444b18ebdddf3f5c699159f13e9cf8ac9027ae4a60ae226aef9bbb14a6e12ca7dba3358b007cee6354b116e720262867c398de6c955ea451d
  languageName: node
  linkType: hard

"js-tokens@npm:^3.0.0 || ^4.0.0":
  version: 4.0.0
  resolution: "js-tokens@npm:4.0.0"
  checksum: 8a95213a5a77deb6cbe94d86340e8d9ace2b93bc367790b260101d2f36a2eaf4e4e22d9fa9cf459b38af3a32fb4190e638024cf82ec95ef708680e405ea7cc78
  languageName: node
  linkType: hard

"loose-envify@npm:^1.1.0":
  version: 1.4.0
  resolution: "loose-envify@npm:1.4.0"
  dependencies:
    js-tokens: ^3.0.0 || ^4.0.0
  bin:
    loose-envify: cli.js
  checksum: 6517e24e0cad87ec9888f500c5b5947032cdfe6ef65e1c1936a0c48a524b81e65542c9c3edc91c97d5bddc806ee2a985dbc79be89215d613b1de5db6d1cfe6f4
  languageName: node
  linkType: hard

"react-dom@npm:>=16.8.0, react-dom@npm:^18.2.0":
  version: 18.2.0
  resolution: "react-dom@npm:18.2.0"
  dependencies:
    loose-envify: ^1.1.0
    scheduler: ^0.23.0
  peerDependencies:
    react: ^18.2.0
  checksum: 7d323310bea3a91be2965f9468d552f201b1c27891e45ddc2d6b8f717680c95a75ae0bc1e3f5cf41472446a2589a75aed4483aee8169287909fcd59ad149e8cc
  languageName: node
  linkType: hard

"react@npm:>=16.8.0, react@npm:^18.2.0":
  version: 18.2.0
  resolution: "react@npm:18.2.0"
  dependencies:
    loose-envify: ^1.1.0
  checksum: 88e38092da8839b830cda6feef2e8505dec8ace60579e46aa5490fc3dc9bba0bd50336507dc166f43e3afc1c42939c09fe33b25fae889d6f402721dcd78fca1b
  languageName: node
  linkType: hard

"rollout-project-template@workspace:.":
  version: 0.0.0-use.local
  resolution: "rollout-project-template@workspace:."
  dependencies:
    "@rollout/framework": 2.0.4
    "@types/node": ^20.8.4
    "@types/react": ^18.0.28
    "@types/react-dom": ^18.0.11
    react: ^18.2.0
    react-dom: ^18.2.0
    zod: ^3.22.4
  languageName: unknown
  linkType: soft

"scheduler@npm:^0.23.0":
  version: 0.23.0
  resolution: "scheduler@npm:0.23.0"
  dependencies:
    loose-envify: ^1.1.0
  checksum: d79192eeaa12abef860c195ea45d37cbf2bbf5f66e3c4dcd16f54a7da53b17788a70d109ee3d3dde1a0fd50e6a8fc171f4300356c5aee4fc0171de526bf35f8a
  languageName: node
  linkType: hard

"undici-types@npm:~5.25.1":
  version: 5.25.3
  resolution: "undici-types@npm:5.25.3"
  checksum: ec9d2cc36520cbd9fbe3b3b6c682a87fe5be214699e1f57d1e3d9a2cb5be422e62735f06e0067dc325fd3dd7404c697e4d479f9147dc8a804e049e29f357f2ff
  languageName: node
  linkType: hard

"zod@npm:^3.22.4":
  version: 3.22.4
  resolution: "zod@npm:3.22.4"
  checksum: 80bfd7f8039b24fddeb0718a2ec7c02aa9856e4838d6aa4864335a047b6b37a3273b191ef335bf0b2002e5c514ef261ffcda5a589fb084a48c336ffc4cdbab7f
  languageName: node
  linkType: hard
